# Code generated by scarb DO NOT EDIT.
version = 1

[[package]]
name = "openzeppelin"
version = "0.8.0"
source = "git+https://github.com/openzeppelin/cairo-contracts#4f90c23d1d73a7ce38ca9aa8d308aabf82d122a1"

[[package]]
name = "sncast_std"
version = "0.1.0"
source = "git+https://github.com/foundry-rs/starknet-foundry.git?tag=v0.13.1#e1412ed040d10e66be0fd84115f72a667b57a116"

[[package]]
name = "snforge_std"
version = "0.1.0"
source = "git+https://github.com/foundry-rs/starknet-foundry.git?tag=v0.11.0#5465c41541c44a7804d16318fab45a2f0ccec9e7"

[[package]]
name = "token_sender"
version = "0.2.0"
dependencies = [
 "openzeppelin",
 "snforge_std",
]

[[package]]
name = "token_sender_script"
version = "0.1.0"
dependencies = [
 "sncast_std",
 "token_sender",
]
